{
    "_readme": [
        "This file locks the dependencies of your project to a known state",
        "Read more about it at https://getcomposer.org/doc/01-basic-usage.md#installing-dependencies",
        "This file is @generated automatically"
    ],
    "content-hash": "6d9e7f7311abc8811a1e808ddfbc7414",
    "packages": [],
    "packages-dev": [
        {
            "name": "ghostwriter/coding-standard",
            "version": "dev-main",
            "source": {
                "type": "git",
                "url": "https://github.com/ghostwriter/coding-standard.git",
                "reference": "abe57b3277dce0990fd7f75a4dc6843694d63821"
            },
            "dist": {
                "type": "zip",
                "url": "https://api.github.com/repos/ghostwriter/coding-standard/zipball/abe57b3277dce0990fd7f75a4dc6843694d63821",
                "reference": "abe57b3277dce0990fd7f75a4dc6843694d63821",
                "shasum": ""
            },
            "require": {
                "ghostwriter/psalm-plugin": "^0.1 || ^0.2 || ^1.0",
                "php": ">=8.1"
            },
            "default-branch": true,
            "bin": [
                "tools/composer-normalize",
                "tools/composer-require-checker",
                "tools/composer-unused",
                "tools/infection",
                "tools/php-cs-fixer",
                "tools/phpbench",
                "tools/phpcbf",
                "tools/phpcs",
                "tools/psalm",
                "tools/phpunit"
            ],
            "type": "library",
            "notification-url": "https://packagist.org/downloads/",
            "license": [
                "BSD-3-Clause"
            ],
            "authors": [
                {
                    "name": "Nathanael Esayeas",
                    "email": "nathanael.esayeas@protonmail.com",
                    "homepage": "https://github.com/ghostwriter",
                    "role": "Developer"
                }
            ],
            "description": "PHP Coding Standard",
            "homepage": "https://github.com/ghostwriter/coding-standard",
            "keywords": [
                "coding-standard",
                "ghostwriter"
            ],
            "support": {
                "docs": "https://github.com/ghostwriter/coding-standard",
                "forum": "https://github.com/ghostwriter/coding-standard/discussions",
                "issues": "https://github.com/ghostwriter/coding-standard/issues",
                "rss": "https://github.com/ghostwriter/coding-standard/releases.atom",
                "source": "https://github.com/ghostwriter/coding-standard"
            },
            "funding": [
                {
                    "url": "https://github.com/sponsors/ghostwriter",
                    "type": "github"
                }
            ],
            "time": "2023-08-21T21:00:27+00:00"
        },
        {
            "name": "ghostwriter/psalm-plugin",
            "version": "0.2.0",
            "source": {
                "type": "git",
                "url": "https://github.com/ghostwriter/psalm-plugin.git",
                "reference": "c1e0e0110f2e8ad5dd3f4f8decd698dcd4803f60"
            },
            "dist": {
                "type": "zip",
                "url": "https://api.github.com/repos/ghostwriter/psalm-plugin/zipball/c1e0e0110f2e8ad5dd3f4f8decd698dcd4803f60",
                "reference": "c1e0e0110f2e8ad5dd3f4f8decd698dcd4803f60",
                "shasum": ""
            },
            "require": {
                "php": ">=8.1"
            },
            "replace": {
                "ghostwriter/example-psalm-plugin": "*",
                "ghostwriter/phpunit-psalm-plugin": "*"
            },
            "require-dev": {
                "ghostwriter/coding-standard": "dev-main",
                "ghostwriter/psalm-plugin-tester": "^0.2 || ^0.3 || ^1.0",
                "psr/container": "^1.1 || ^2.0",
                "vimeo/psalm": "^5.0 || ^6.0"
            },
            "type": "psalm-plugin",
            "extra": {
                "psalm": {
                    "pluginClass": "Ghostwriter\\PsalmPlugin\\Plugin"
                }
            },
            "autoload": {
                "psr-4": {
                    "Ghostwriter\\PsalmPlugin\\": "src/"
                }
            },
            "notification-url": "https://packagist.org/downloads/",
            "license": [
                "BSD-3-Clause"
            ],
            "authors": [
                {
                    "name": "Nathanael Esayeas",
                    "email": "nathanael.esayeas@protonmail.com",
                    "homepage": "https://github.com/ghostwriter",
                    "role": "Developer"
                }
            ],
            "description": "Provides a plugin for Psalm",
            "homepage": "https://github.com/ghostwriter/psalm-plugin",
            "keywords": [
                "dev",
                "ghostwriter",
                "psalm",
                "psalm-plugin",
                "static analysis"
            ],
            "support": {
                "docs": "https://github.com/ghostwriter/psalm-plugin",
                "forum": "https://github.com/ghostwriter/psalm-plugin/discussions",
                "issues": "https://github.com/ghostwriter/psalm-plugin/issues",
                "rss": "https://github.com/ghostwriter/psalm-plugin/releases.atom",
                "source": "https://github.com/ghostwriter/psalm-plugin"
            },
            "funding": [
                {
                    "url": "https://github.com/sponsors/ghostwriter",
                    "type": "github"
                }
            ],
            "time": "2023-08-27T13:19:25+00:00"
        }
    ],
    "aliases": [],
    "minimum-stability": "stable",
    "stability-flags": {
        "ghostwriter/coding-standard": 20
    },
    "prefer-stable": true,
    "prefer-lowest": false,
    "platform": {
        "php": ">=8.1"
    },
    "platform-dev": [],
    "platform-overrides": {
        "php": "8.1.999"
    },
    "plugin-api-version": "2.3.0"
}
